
Microsoft Visual Studio Solution File, Format Version 12.00
# Visual Studio Version 16
VisualStudioVersion = 16.0.30523.141
MinimumVisualStudioVersion = 10.0.40219.1
Project("{FAE04EC0-301F-11D3-BF4B-00C04F79EFBC}") = "入梦工具箱", "入梦工具箱.csproj", "{D76C8ECF-781B-4F7E-A30F-28017F59AF60}"
EndProject
Global
	GlobalSection(SolutionConfigurationPlatforms) = preSolution
		Debug|Any CPU = Debug|Any CPU
		Release|Any CPU = Release|Any CPU
	EndGlobalSection
	GlobalSection(ProjectConfigurationPlatforms) = postSolution
		{D76C8ECF-781B-4F7E-A30F-28017F59AF60}.Debug|Any CPU.ActiveCfg = Debug|Any CPU
		{D76C8ECF-781B-4F7E-A30F-28017F59AF60}.Debug|Any CPU.Build.0 = Debug|Any CPU
		{D76C8ECF-781B-4F7E-A30F-28017F59AF60}.Release|Any CPU.ActiveCfg = Release|Any CPU
		{D76C8ECF-781B-4F7E-A30F-28017F59AF60}.Release|Any CPU.Build.0 = Release|Any CPU
	EndGlobalSection
	GlobalSection(SolutionProperties) = preSolution
		HideSolutionNode = FALSE
	EndGlobalSection
	GlobalSection(ExtensibilityGlobals) = postSolution
		SolutionGuid = {6B1F0DD9-3299-4D7D-867F-6A264D128063}
	EndGlobalSection
EndGlobal
